{"filter":false,"title":"Pipfile.lock","tooltip":"/storefront/Pipfile.lock","undoManager":{"mark":-1,"position":-1,"stack":[]},"ace":{"folds":[],"scrolltop":752.5,"scrollleft":0,"selection":{"start":{"row":0,"column":0},"end":{"row":0,"column":0},"isBackwards":false},"options":{"guessTabSize":true,"useWrapMode":false,"wrapToView":true},"firstLineState":0},"hash":"c81385bdbd6c21bb22ebcbe98f927d687cc23e3c","mime":"application/octet-stream","timestamp":1634742571557}